
Microsoft Visual Studio Solution File, Format Version 12.00
# Visual Studio Version 17
VisualStudioVersion = 17.10.35013.160
MinimumVisualStudioVersion = 10.0.40219.1
Project("{E24C65DC-7377-472B-9ABA-BC803B73C61A}") = "HelloWorld", "HelloWorld\", "{712E17A4-47C5-4C67-AEF3-42446BB693E0}"
	ProjectSection(WebsiteProperties) = preProject
		TargetFrameworkMoniker = ".NETFramework,Version%3Dv4.7.2"
		Debug.AspNetCompiler.VirtualPath = "/localhost_56878"
		Debug.AspNetCompiler.PhysicalPath = "HelloWorld\"
		Debug.AspNetCompiler.TargetPath = "PrecompiledWeb\localhost_56878\"
		Debug.AspNetCompiler.Updateable = "true"
		Debug.AspNetCompiler.ForceOverwrite = "true"
		Debug.AspNetCompiler.FixedNames = "false"
		Debug.AspNetCompiler.Debug = "True"
		Release.AspNetCompiler.VirtualPath = "/localhost_56878"
		Release.AspNetCompiler.PhysicalPath = "HelloWorld\"
		Release.AspNetCompiler.TargetPath = "PrecompiledWeb\localhost_56878\"
		Release.AspNetCompiler.Updateable = "true"
		Release.AspNetCompiler.ForceOverwrite = "true"
		Release.AspNetCompiler.FixedNames = "false"
		Release.AspNetCompiler.Debug = "False"
		VWDPort = "56878"
		DefaultWebSiteLanguage = "Visual C#"
	EndProjectSection
EndProject
Global
	GlobalSection(SolutionConfigurationPlatforms) = preSolution
		Debug|Any CPU = Debug|Any CPU
	EndGlobalSection
	GlobalSection(ProjectConfigurationPlatforms) = postSolution
		{712E17A4-47C5-4C67-AEF3-42446BB693E0}.Debug|Any CPU.ActiveCfg = Debug|Any CPU
		{712E17A4-47C5-4C67-AEF3-42446BB693E0}.Debug|Any CPU.Build.0 = Debug|Any CPU
	EndGlobalSection
	GlobalSection(SolutionProperties) = preSolution
		HideSolutionNode = FALSE
	EndGlobalSection
	GlobalSection(ExtensibilityGlobals) = postSolution
		SolutionGuid = {8E48205B-35E0-4CE9-86ED-76D6B0D47DA7}
	EndGlobalSection
EndGlobal
